
Microsoft Visual Studio Solution File, Format Version 12.00
# Visual Studio 14
VisualStudioVersion = 14.0.25420.1
MinimumVisualStudioVersion = 10.0.40219.1
Project("{2150E333-8FDC-42A3-9474-1A3956D46DE8}") = "src", "src", "{D152F584-182D-462A-987F-D4664543040D}"
EndProject
Project("{2150E333-8FDC-42A3-9474-1A3956D46DE8}") = "Solution Items", "Solution Items", "{B417C713-4528-432F-BA46-22C665BFA26D}"
	ProjectSection(SolutionItems) = preProject
		global.json = global.json
	EndProjectSection
EndProject
Project("{8BB2217D-0F2D-49D1-97BC-3654ED321F3B}") = "AzureWebsiteAspNetCoreFramework", "src\AzureWebsiteAspNetCoreFramework\AzureWebsiteAspNetCoreFramework.xproj", "{FD6B6F84-8617-4474-838D-55932662CD05}"
EndProject
Global
	GlobalSection(SolutionConfigurationPlatforms) = preSolution
		Debug|Any CPU = Debug|Any CPU
		Release|Any CPU = Release|Any CPU
	EndGlobalSection
	GlobalSection(ProjectConfigurationPlatforms) = postSolution
		{FD6B6F84-8617-4474-838D-55932662CD05}.Debug|Any CPU.ActiveCfg = Debug|Any CPU
		{FD6B6F84-8617-4474-838D-55932662CD05}.Debug|Any CPU.Build.0 = Debug|Any CPU
		{FD6B6F84-8617-4474-838D-55932662CD05}.Release|Any CPU.ActiveCfg = Release|Any CPU
		{FD6B6F84-8617-4474-838D-55932662CD05}.Release|Any CPU.Build.0 = Release|Any CPU
	EndGlobalSection
	GlobalSection(SolutionProperties) = preSolution
		HideSolutionNode = FALSE
	EndGlobalSection
	GlobalSection(NestedProjects) = preSolution
		{FD6B6F84-8617-4474-838D-55932662CD05} = {D152F584-182D-462A-987F-D4664543040D}
	EndGlobalSection
EndGlobal
